// !$*UTF8*$!
{
	archiveVersion = 1;
	classes = {
	};
	objectVersion = 51;
	objects = {

/* Begin PBXBuildFile section */
		39DA50A129276EC42E9F7AED /* Pods_HustingsTests.framework in Frameworks */ = {isa = PBXBuildFile; fileRef = 1886A1AED9DA6F380F418FEC /* Pods_HustingsTests.framework */; };
		4EEEF31381D72D770F407842 /* Pods_Hustings.framework in Frameworks */ = {isa = PBXBuildFile; fileRef = 934BFD8F9768E37AC6DC4C77 /* Pods_Hustings.framework */; };
		A8F547A19EE64AAFE567109E /* Pods_Hustings_HustingsUITests.framework in Frameworks */ = {isa = PBXBuildFile; fileRef = 360B184ED05C001F1F11A882 /* Pods_Hustings_HustingsUITests.framework */; };
		C90857E124325F17002F3DAF /* StoreSession.swift in Sources */ = {isa = PBXBuildFile; fileRef = C90857E024325F17002F3DAF /* StoreSession.swift */; };
		C92D8427243FEE0400159C7D /* MainTeacherClassView.swift in Sources */ = {isa = PBXBuildFile; fileRef = C92D8426243FEE0400159C7D /* MainTeacherClassView.swift */; };
		C93109642405EDB300EAE2E1 /* DashboardOptionsView.swift in Sources */ = {isa = PBXBuildFile; fileRef = C93109632405EDB300EAE2E1 /* DashboardOptionsView.swift */; };
		C93109692405EE9A00EAE2E1 /* DashboardView.swift in Sources */ = {isa = PBXBuildFile; fileRef = C93109682405EE9A00EAE2E1 /* DashboardView.swift */; };
		C9465B5B2440D58900A99AC8 /* UserListTeacherClassView.swift in Sources */ = {isa = PBXBuildFile; fileRef = C9465B5A2440D58900A99AC8 /* UserListTeacherClassView.swift */; };
		C9465B602440D64100A99AC8 /* ClassView.swift in Sources */ = {isa = PBXBuildFile; fileRef = C9465B5F2440D64100A99AC8 /* ClassView.swift */; };
		C9669985243B8A36008C5383 /* NewUserInfo.swift in Sources */ = {isa = PBXBuildFile; fileRef = C9669984243B8A36008C5383 /* NewUserInfo.swift */; };
		C9669987243BCF6F008C5383 /* LoadProfileView.swift in Sources */ = {isa = PBXBuildFile; fileRef = C9669986243BCF6F008C5383 /* LoadProfileView.swift */; };
		C9669989243BEDB6008C5383 /* NewClassView.swift in Sources */ = {isa = PBXBuildFile; fileRef = C9669988243BEDB6008C5383 /* NewClassView.swift */; };
		C966998B243BEDDF008C5383 /* JoinClassView.swift in Sources */ = {isa = PBXBuildFile; fileRef = C966998A243BEDDF008C5383 /* JoinClassView.swift */; };
		C966998D243BEDF8008C5383 /* EmptyClassView.swift in Sources */ = {isa = PBXBuildFile; fileRef = C966998C243BEDF8008C5383 /* EmptyClassView.swift */; };
		C96B5CA424437FFB00D243A3 /* ClassProfileView.swift in Sources */ = {isa = PBXBuildFile; fileRef = C96B5CA324437FFB00D243A3 /* ClassProfileView.swift */; };
		C96B5CA62443B21300D243A3 /* RequestsView.swift in Sources */ = {isa = PBXBuildFile; fileRef = C96B5CA52443B21300D243A3 /* RequestsView.swift */; };
		C96B5CA82443D21700D243A3 /* ConvertUserList.swift in Sources */ = {isa = PBXBuildFile; fileRef = C96B5CA72443D21700D243A3 /* ConvertUserList.swift */; };
		C97582D72417207C00A17B62 /* GoogleService-Info.plist in Resources */ = {isa = PBXBuildFile; fileRef = C97582D62417207C00A17B62 /* GoogleService-Info.plist */; };
		C979DBD8243AA679007E5692 /* ResetPasswordScreen.swift in Sources */ = {isa = PBXBuildFile; fileRef = C979DBD7243AA679007E5692 /* ResetPasswordScreen.swift */; };
		C9AF44142418224800251513 /* LoadTopics.swift in Sources */ = {isa = PBXBuildFile; fileRef = C9AF44132418224800251513 /* LoadTopics.swift */; };
		C9CCBB5B2431095800A835F3 /* LearnState.swift in Sources */ = {isa = PBXBuildFile; fileRef = C9CCBB5A2431095800A835F3 /* LearnState.swift */; };
		C9DACACF2445335C0079D807 /* RequestMadeView.swift in Sources */ = {isa = PBXBuildFile; fileRef = C9DACACE2445335C0079D807 /* RequestMadeView.swift */; };
		C9DACAD1244541110079D807 /* MainStudentClassView.swift in Sources */ = {isa = PBXBuildFile; fileRef = C9DACAD0244541110079D807 /* MainStudentClassView.swift */; };
		E4010CBE2407EAF600A89E95 /* LearnMenuView.swift in Sources */ = {isa = PBXBuildFile; fileRef = E4010CBD2407EAF600A89E95 /* LearnMenuView.swift */; };
		E41F14702412F1B500B44DE8 /* InformationView.swift in Sources */ = {isa = PBXBuildFile; fileRef = E41F146F2412F1B500B44DE8 /* InformationView.swift */; };
		E42D2DD124114D1E00DC6B92 /* QuizView.swift in Sources */ = {isa = PBXBuildFile; fileRef = E42D2DD024114D1E00DC6B92 /* QuizView.swift */; };
		E42D2DD324116FA200DC6B92 /* Question.swift in Sources */ = {isa = PBXBuildFile; fileRef = E42D2DD224116FA200DC6B92 /* Question.swift */; };
		E42D2DD92411747000DC6B92 /* LoadQuestions.swift in Sources */ = {isa = PBXBuildFile; fileRef = E42D2DD82411747000DC6B92 /* LoadQuestions.swift */; };
		E4559F0C240976360009C66C /* TopicView.swift in Sources */ = {isa = PBXBuildFile; fileRef = E4559F0B240976360009C66C /* TopicView.swift */; };
		E4559F0E2409774B0009C66C /* Topic.swift in Sources */ = {isa = PBXBuildFile; fileRef = E4559F0D2409774B0009C66C /* Topic.swift */; };
		E46067DA2412777100A8B751 /* QuestionsView.swift in Sources */ = {isa = PBXBuildFile; fileRef = E46067D92412777100A8B751 /* QuestionsView.swift */; };
		E49E472E24035090004E818B /* AppDelegate.swift in Sources */ = {isa = PBXBuildFile; fileRef = E49E472D24035090004E818B /* AppDelegate.swift */; };
		E49E473024035090004E818B /* SceneDelegate.swift in Sources */ = {isa = PBXBuildFile; fileRef = E49E472F24035090004E818B /* SceneDelegate.swift */; };
		E49E473324035090004E818B /* Hustings.xcdatamodeld in Sources */ = {isa = PBXBuildFile; fileRef = E49E473124035090004E818B /* Hustings.xcdatamodeld */; };
		E49E473524035090004E818B /* ContentView.swift in Sources */ = {isa = PBXBuildFile; fileRef = E49E473424035090004E818B /* ContentView.swift */; };
		E49E473724035092004E818B /* Assets.xcassets in Resources */ = {isa = PBXBuildFile; fileRef = E49E473624035092004E818B /* Assets.xcassets */; };
		E49E473A24035092004E818B /* Preview Assets.xcassets in Resources */ = {isa = PBXBuildFile; fileRef = E49E473924035092004E818B /* Preview Assets.xcassets */; };
		E49E473D24035092004E818B /* LaunchScreen.storyboard in Resources */ = {isa = PBXBuildFile; fileRef = E49E473B24035092004E818B /* LaunchScreen.storyboard */; };
		E49E474824035092004E818B /* HustingsTests.swift in Sources */ = {isa = PBXBuildFile; fileRef = E49E474724035092004E818B /* HustingsTests.swift */; };
		E49E475324035092004E818B /* HustingsUITests.swift in Sources */ = {isa = PBXBuildFile; fileRef = E49E475224035092004E818B /* HustingsUITests.swift */; };
		E49F39972408361100819C67 /* DebateView.swift in Sources */ = {isa = PBXBuildFile; fileRef = E49F39962408361100819C67 /* DebateView.swift */; };
		E49F399B2408362500819C67 /* AccountView.swift in Sources */ = {isa = PBXBuildFile; fileRef = E49F399A2408362500819C67 /* AccountView.swift */; };
		E4B4C33A240597BE002669FF /* LogoTitleBar.swift in Sources */ = {isa = PBXBuildFile; fileRef = E4B4C339240597BE002669FF /* LogoTitleBar.swift */; };
		E4B4C33C2405C8CE002669FF /* LogInScreen.swift in Sources */ = {isa = PBXBuildFile; fileRef = E4B4C33B2405C8CE002669FF /* LogInScreen.swift */; };
		E4B4C3402405CA2D002669FF /* SignInWithApple.swift in Sources */ = {isa = PBXBuildFile; fileRef = E4B4C33F2405CA2D002669FF /* SignInWithApple.swift */; };
		E4B4C3432405CB4B002669FF /* User.swift in Sources */ = {isa = PBXBuildFile; fileRef = E4B4C3422405CB4B002669FF /* User.swift */; };
		E4D96245240987B6005C7F6A /* ProvisionalList.swift in Sources */ = {isa = PBXBuildFile; fileRef = E4D96244240987B6005C7F6A /* ProvisionalList.swift */; };
		E4F87FC92409371E003A423C /* PrimaryTabView.swift in Sources */ = {isa = PBXBuildFile; fileRef = E4F87FC82409371E003A423C /* PrimaryTabView.swift */; };
/* End PBXBuildFile section */

/* Begin PBXContainerItemProxy section */
		E49E474424035092004E818B /* PBXContainerItemProxy */ = {
			isa = PBXContainerItemProxy;
			containerPortal = E49E472224035090004E818B /* Project object */;
			proxyType = 1;
			remoteGlobalIDString = E49E472924035090004E818B;
			remoteInfo = Hustings;
		};
		E49E474F24035092004E818B /* PBXContainerItemProxy */ = {
			isa = PBXContainerItemProxy;
			containerPortal = E49E472224035090004E818B /* Project object */;
			proxyType = 1;
			remoteGlobalIDString = E49E472924035090004E818B;
			remoteInfo = Hustings;
		};
/* End PBXContainerItemProxy section */

/* Begin PBXFileReference section */
		1886A1AED9DA6F380F418FEC /* Pods_HustingsTests.framework */ = {isa = PBXFileReference; explicitFileType = wrapper.framework; includeInIndex = 0; path = Pods_HustingsTests.framework; sourceTree = BUILT_PRODUCTS_DIR; };
		263B248B51DDBE3CE3D89253 /* Pods-HustingsTests.release.xcconfig */ = {isa = PBXFileReference; includeInIndex = 1; lastKnownFileType = text.xcconfig; name = "Pods-HustingsTests.release.xcconfig"; path = "Target Support Files/Pods-HustingsTests/Pods-HustingsTests.release.xcconfig"; sourceTree = "<group>"; };
		360B184ED05C001F1F11A882 /* Pods_Hustings_HustingsUITests.framework */ = {isa = PBXFileReference; explicitFileType = wrapper.framework; includeInIndex = 0; path = Pods_Hustings_HustingsUITests.framework; sourceTree = BUILT_PRODUCTS_DIR; };
		468182B459D08507BD002E54 /* Pods-Hustings.debug.xcconfig */ = {isa = PBXFileReference; includeInIndex = 1; lastKnownFileType = text.xcconfig; name = "Pods-Hustings.debug.xcconfig"; path = "Target Support Files/Pods-Hustings/Pods-Hustings.debug.xcconfig"; sourceTree = "<group>"; };
		4BB0E8C4B0E89A85CC75B8BC /* Pods-Hustings-HustingsUITests.release.xcconfig */ = {isa = PBXFileReference; includeInIndex = 1; lastKnownFileType = text.xcconfig; name = "Pods-Hustings-HustingsUITests.release.xcconfig"; path = "Target Support Files/Pods-Hustings-HustingsUITests/Pods-Hustings-HustingsUITests.release.xcconfig"; sourceTree = "<group>"; };
		6C9E2E4FF8256ABD61F00AF9 /* Pods-HustingsTests.debug.xcconfig */ = {isa = PBXFileReference; includeInIndex = 1; lastKnownFileType = text.xcconfig; name = "Pods-HustingsTests.debug.xcconfig"; path = "Target Support Files/Pods-HustingsTests/Pods-HustingsTests.debug.xcconfig"; sourceTree = "<group>"; };
		71F0117EF32057393DCAEBCA /* Pods-Hustings-HustingsUITests.debug.xcconfig */ = {isa = PBXFileReference; includeInIndex = 1; lastKnownFileType = text.xcconfig; name = "Pods-Hustings-HustingsUITests.debug.xcconfig"; path = "Target Support Files/Pods-Hustings-HustingsUITests/Pods-Hustings-HustingsUITests.debug.xcconfig"; sourceTree = "<group>"; };
		934BFD8F9768E37AC6DC4C77 /* Pods_Hustings.framework */ = {isa = PBXFileReference; explicitFileType = wrapper.framework; includeInIndex = 0; path = Pods_Hustings.framework; sourceTree = BUILT_PRODUCTS_DIR; };
		C90857E024325F17002F3DAF /* StoreSession.swift */ = {isa = PBXFileReference; lastKnownFileType = sourcecode.swift; path = StoreSession.swift; sourceTree = "<group>"; };
		C92D8426243FEE0400159C7D /* MainTeacherClassView.swift */ = {isa = PBXFileReference; lastKnownFileType = sourcecode.swift; path = MainTeacherClassView.swift; sourceTree = "<group>"; };
		C93109632405EDB300EAE2E1 /* DashboardOptionsView.swift */ = {isa = PBXFileReference; lastKnownFileType = sourcecode.swift; path = DashboardOptionsView.swift; sourceTree = "<group>"; };
		C93109682405EE9A00EAE2E1 /* DashboardView.swift */ = {isa = PBXFileReference; fileEncoding = 4; lastKnownFileType = sourcecode.swift; path = DashboardView.swift; sourceTree = "<group>"; };
		C931096A2405EFBF00EAE2E1 /* Hustings.entitlements */ = {isa = PBXFileReference; lastKnownFileType = text.plist.entitlements; path = Hustings.entitlements; sourceTree = "<group>"; };
		C9465B5A2440D58900A99AC8 /* UserListTeacherClassView.swift */ = {isa = PBXFileReference; lastKnownFileType = sourcecode.swift; path = UserListTeacherClassView.swift; sourceTree = "<group>"; };
		C9465B5F2440D64100A99AC8 /* ClassView.swift */ = {isa = PBXFileReference; lastKnownFileType = sourcecode.swift; path = ClassView.swift; sourceTree = "<group>"; };
		C9669984243B8A36008C5383 /* NewUserInfo.swift */ = {isa = PBXFileReference; lastKnownFileType = sourcecode.swift; path = NewUserInfo.swift; sourceTree = "<group>"; };
		C9669986243BCF6F008C5383 /* LoadProfileView.swift */ = {isa = PBXFileReference; lastKnownFileType = sourcecode.swift; path = LoadProfileView.swift; sourceTree = "<group>"; };
		C9669988243BEDB6008C5383 /* NewClassView.swift */ = {isa = PBXFileReference; lastKnownFileType = sourcecode.swift; path = NewClassView.swift; sourceTree = "<group>"; };
		C966998A243BEDDF008C5383 /* JoinClassView.swift */ = {isa = PBXFileReference; lastKnownFileType = sourcecode.swift; path = JoinClassView.swift; sourceTree = "<group>"; };
		C966998C243BEDF8008C5383 /* EmptyClassView.swift */ = {isa = PBXFileReference; lastKnownFileType = sourcecode.swift; path = EmptyClassView.swift; sourceTree = "<group>"; };
		C96B5CA324437FFB00D243A3 /* ClassProfileView.swift */ = {isa = PBXFileReference; lastKnownFileType = sourcecode.swift; path = ClassProfileView.swift; sourceTree = "<group>"; };
		C96B5CA52443B21300D243A3 /* RequestsView.swift */ = {isa = PBXFileReference; lastKnownFileType = sourcecode.swift; path = RequestsView.swift; sourceTree = "<group>"; };
		C96B5CA72443D21700D243A3 /* ConvertUserList.swift */ = {isa = PBXFileReference; lastKnownFileType = sourcecode.swift; path = ConvertUserList.swift; sourceTree = "<group>"; };
		C97582D62417207C00A17B62 /* GoogleService-Info.plist */ = {isa = PBXFileReference; fileEncoding = 4; lastKnownFileType = text.plist.xml; path = "GoogleService-Info.plist"; sourceTree = "<group>"; };
		C979DBD7243AA679007E5692 /* ResetPasswordScreen.swift */ = {isa = PBXFileReference; lastKnownFileType = sourcecode.swift; path = ResetPasswordScreen.swift; sourceTree = "<group>"; };
		C9AF44132418224800251513 /* LoadTopics.swift */ = {isa = PBXFileReference; lastKnownFileType = sourcecode.swift; path = LoadTopics.swift; sourceTree = "<group>"; };
		C9CCBB5A2431095800A835F3 /* LearnState.swift */ = {isa = PBXFileReference; lastKnownFileType = sourcecode.swift; path = LearnState.swift; sourceTree = "<group>"; };
		C9DACACE2445335C0079D807 /* RequestMadeView.swift */ = {isa = PBXFileReference; lastKnownFileType = sourcecode.swift; path = RequestMadeView.swift; sourceTree = "<group>"; };
		C9DACAD0244541110079D807 /* MainStudentClassView.swift */ = {isa = PBXFileReference; lastKnownFileType = sourcecode.swift; path = MainStudentClassView.swift; sourceTree = "<group>"; };
		E4010CBD2407EAF600A89E95 /* LearnMenuView.swift */ = {isa = PBXFileReference; lastKnownFileType = sourcecode.swift; path = LearnMenuView.swift; sourceTree = "<group>"; };
		E41F146F2412F1B500B44DE8 /* InformationView.swift */ = {isa = PBXFileReference; lastKnownFileType = sourcecode.swift; path = InformationView.swift; sourceTree = "<group>"; };
		E42D2DD024114D1E00DC6B92 /* QuizView.swift */ = {isa = PBXFileReference; lastKnownFileType = sourcecode.swift; path = QuizView.swift; sourceTree = "<group>"; };
		E42D2DD224116FA200DC6B92 /* Question.swift */ = {isa = PBXFileReference; lastKnownFileType = sourcecode.swift; path = Question.swift; sourceTree = "<group>"; };
		E42D2DD82411747000DC6B92 /* LoadQuestions.swift */ = {isa = PBXFileReference; lastKnownFileType = sourcecode.swift; path = LoadQuestions.swift; sourceTree = "<group>"; };
		E4559F0B240976360009C66C /* TopicView.swift */ = {isa = PBXFileReference; lastKnownFileType = sourcecode.swift; path = TopicView.swift; sourceTree = "<group>"; };
		E4559F0D2409774B0009C66C /* Topic.swift */ = {isa = PBXFileReference; lastKnownFileType = sourcecode.swift; path = Topic.swift; sourceTree = "<group>"; };
		E46067D92412777100A8B751 /* QuestionsView.swift */ = {isa = PBXFileReference; lastKnownFileType = sourcecode.swift; path = QuestionsView.swift; sourceTree = "<group>"; };
		E49E472A24035090004E818B /* Hustings.app */ = {isa = PBXFileReference; explicitFileType = wrapper.application; includeInIndex = 0; path = Hustings.app; sourceTree = BUILT_PRODUCTS_DIR; };
		E49E472D24035090004E818B /* AppDelegate.swift */ = {isa = PBXFileReference; lastKnownFileType = sourcecode.swift; path = AppDelegate.swift; sourceTree = "<group>"; };
		E49E472F24035090004E818B /* SceneDelegate.swift */ = {isa = PBXFileReference; lastKnownFileType = sourcecode.swift; path = SceneDelegate.swift; sourceTree = "<group>"; };
		E49E473224035090004E818B /* Hustings.xcdatamodel */ = {isa = PBXFileReference; lastKnownFileType = wrapper.xcdatamodel; path = Hustings.xcdatamodel; sourceTree = "<group>"; };
		E49E473424035090004E818B /* ContentView.swift */ = {isa = PBXFileReference; lastKnownFileType = sourcecode.swift; path = ContentView.swift; sourceTree = "<group>"; };
		E49E473624035092004E818B /* Assets.xcassets */ = {isa = PBXFileReference; lastKnownFileType = folder.assetcatalog; path = Assets.xcassets; sourceTree = "<group>"; };
		E49E473924035092004E818B /* Preview Assets.xcassets */ = {isa = PBXFileReference; lastKnownFileType = folder.assetcatalog; path = "Preview Assets.xcassets"; sourceTree = "<group>"; };
		E49E473C24035092004E818B /* Base */ = {isa = PBXFileReference; lastKnownFileType = file.storyboard; name = Base; path = Base.lproj/LaunchScreen.storyboard; sourceTree = "<group>"; };
		E49E473E24035092004E818B /* Info.plist */ = {isa = PBXFileReference; lastKnownFileType = text.plist.xml; path = Info.plist; sourceTree = "<group>"; };
		E49E474324035092004E818B /* HustingsTests.xctest */ = {isa = PBXFileReference; explicitFileType = wrapper.cfbundle; includeInIndex = 0; path = HustingsTests.xctest; sourceTree = BUILT_PRODUCTS_DIR; };
		E49E474724035092004E818B /* HustingsTests.swift */ = {isa = PBXFileReference; lastKnownFileType = sourcecode.swift; path = HustingsTests.swift; sourceTree = "<group>"; };
		E49E474924035092004E818B /* Info.plist */ = {isa = PBXFileReference; lastKnownFileType = text.plist.xml; path = Info.plist; sourceTree = "<group>"; };
		E49E474E24035092004E818B /* HustingsUITests.xctest */ = {isa = PBXFileReference; explicitFileType = wrapper.cfbundle; includeInIndex = 0; path = HustingsUITests.xctest; sourceTree = BUILT_PRODUCTS_DIR; };
		E49E475224035092004E818B /* HustingsUITests.swift */ = {isa = PBXFileReference; lastKnownFileType = sourcecode.swift; path = HustingsUITests.swift; sourceTree = "<group>"; };
		E49E475424035092004E818B /* Info.plist */ = {isa = PBXFileReference; lastKnownFileType = text.plist.xml; path = Info.plist; sourceTree = "<group>"; };
		E49F39962408361100819C67 /* DebateView.swift */ = {isa = PBXFileReference; lastKnownFileType = sourcecode.swift; path = DebateView.swift; sourceTree = "<group>"; };
		E49F399A2408362500819C67 /* AccountView.swift */ = {isa = PBXFileReference; lastKnownFileType = sourcecode.swift; path = AccountView.swift; sourceTree = "<group>"; };
		E4B4C339240597BE002669FF /* LogoTitleBar.swift */ = {isa = PBXFileReference; lastKnownFileType = sourcecode.swift; path = LogoTitleBar.swift; sourceTree = "<group>"; };
		E4B4C33B2405C8CE002669FF /* LogInScreen.swift */ = {isa = PBXFileReference; lastKnownFileType = sourcecode.swift; path = LogInScreen.swift; sourceTree = "<group>"; };
		E4B4C33F2405CA2D002669FF /* SignInWithApple.swift */ = {isa = PBXFileReference; lastKnownFileType = sourcecode.swift; path = SignInWithApple.swift; sourceTree = "<group>"; };
		E4B4C3422405CB4B002669FF /* User.swift */ = {isa = PBXFileReference; lastKnownFileType = sourcecode.swift; path = User.swift; sourceTree = "<group>"; };
		E4D96244240987B6005C7F6A /* ProvisionalList.swift */ = {isa = PBXFileReference; lastKnownFileType = sourcecode.swift; path = ProvisionalList.swift; sourceTree = "<group>"; };
		E4F87FC82409371E003A423C /* PrimaryTabView.swift */ = {isa = PBXFileReference; lastKnownFileType = sourcecode.swift; path = PrimaryTabView.swift; sourceTree = "<group>"; };
		FC7F4CA1E8D1BA0B74BB7B8C /* Pods-Hustings.release.xcconfig */ = {isa = PBXFileReference; includeInIndex = 1; lastKnownFileType = text.xcconfig; name = "Pods-Hustings.release.xcconfig"; path = "Target Support Files/Pods-Hustings/Pods-Hustings.release.xcconfig"; sourceTree = "<group>"; };
/* End PBXFileReference section */

/* Begin PBXFrameworksBuildPhase section */
		E49E472724035090004E818B /* Frameworks */ = {
			isa = PBXFrameworksBuildPhase;
			buildActionMask = 2147483647;
			files = (
				4EEEF31381D72D770F407842 /* Pods_Hustings.framework in Frameworks */,
			);
			runOnlyForDeploymentPostprocessing = 0;
		};
		E49E474024035092004E818B /* Frameworks */ = {
			isa = PBXFrameworksBuildPhase;
			buildActionMask = 2147483647;
			files = (
				39DA50A129276EC42E9F7AED /* Pods_HustingsTests.framework in Frameworks */,
			);
			runOnlyForDeploymentPostprocessing = 0;
		};
		E49E474B24035092004E818B /* Frameworks */ = {
			isa = PBXFrameworksBuildPhase;
			buildActionMask = 2147483647;
			files = (
				A8F547A19EE64AAFE567109E /* Pods_Hustings_HustingsUITests.framework in Frameworks */,
			);
			runOnlyForDeploymentPostprocessing = 0;
		};
/* End PBXFrameworksBuildPhase section */

/* Begin PBXGroup section */
		5CB84CECAF28A7ADA575BC90 /* Frameworks */ = {
			isa = PBXGroup;
			children = (
				934BFD8F9768E37AC6DC4C77 /* Pods_Hustings.framework */,
				360B184ED05C001F1F11A882 /* Pods_Hustings_HustingsUITests.framework */,
				1886A1AED9DA6F380F418FEC /* Pods_HustingsTests.framework */,
			);
			name = Frameworks;
			sourceTree = "<group>";
		};
		B8CF681DC0E17923764AE7B6 /* Pods */ = {
			isa = PBXGroup;
			children = (
				468182B459D08507BD002E54 /* Pods-Hustings.debug.xcconfig */,
				FC7F4CA1E8D1BA0B74BB7B8C /* Pods-Hustings.release.xcconfig */,
				71F0117EF32057393DCAEBCA /* Pods-Hustings-HustingsUITests.debug.xcconfig */,
				4BB0E8C4B0E89A85CC75B8BC /* Pods-Hustings-HustingsUITests.release.xcconfig */,
				6C9E2E4FF8256ABD61F00AF9 /* Pods-HustingsTests.debug.xcconfig */,
				263B248B51DDBE3CE3D89253 /* Pods-HustingsTests.release.xcconfig */,
			);
			path = Pods;
			sourceTree = "<group>";
		};
		C9465B5C2440D5AC00A99AC8 /* Class */ = {
			isa = PBXGroup;
			children = (
				C9465B5F2440D64100A99AC8 /* ClassView.swift */,
				C96B5CA72443D21700D243A3 /* ConvertUserList.swift */,
				C92D8426243FEE0400159C7D /* MainTeacherClassView.swift */,
				C9465B5A2440D58900A99AC8 /* UserListTeacherClassView.swift */,
				C96B5CA52443B21300D243A3 /* RequestsView.swift */,
				C96B5CA324437FFB00D243A3 /* ClassProfileView.swift */,
				C9669988243BEDB6008C5383 /* NewClassView.swift */,
				C9DACAD0244541110079D807 /* MainStudentClassView.swift */,
				C966998A243BEDDF008C5383 /* JoinClassView.swift */,
				C9DACACE2445335C0079D807 /* RequestMadeView.swift */,
				C966998C243BEDF8008C5383 /* EmptyClassView.swift */,
			);
			name = Class;
			path = "New Group";
			sourceTree = "<group>";
		};
		C9465B612440D68300A99AC8 /* Authentication */ = {
			isa = PBXGroup;
			children = (
				E4B4C33B2405C8CE002669FF /* LogInScreen.swift */,
				C979DBD7243AA679007E5692 /* ResetPasswordScreen.swift */,
				C9669984243B8A36008C5383 /* NewUserInfo.swift */,
				C9669986243BCF6F008C5383 /* LoadProfileView.swift */,
				C90857E024325F17002F3DAF /* StoreSession.swift */,
			);
			path = Authentication;
			sourceTree = "<group>";
		};
		C9465B622440D6DD00A99AC8 /* LearnMode */ = {
			isa = PBXGroup;
			children = (
				E4010CBD2407EAF600A89E95 /* LearnMenuView.swift */,
				E41F146F2412F1B500B44DE8 /* InformationView.swift */,
				E42D2DD024114D1E00DC6B92 /* QuizView.swift */,
			);
			name = LearnMode;
			path = "New Group1";
			sourceTree = "<group>";
		};
		E443D7022415C70700FB3F5D /* old files */ = {
			isa = PBXGroup;
			children = (
				E46067D92412777100A8B751 /* QuestionsView.swift */,
				C93109682405EE9A00EAE2E1 /* DashboardView.swift */,
				C93109632405EDB300EAE2E1 /* DashboardOptionsView.swift */,
				E4559F0B240976360009C66C /* TopicView.swift */,
				E42D2DD82411747000DC6B92 /* LoadQuestions.swift */,
			);
			path = "old files";
			sourceTree = "<group>";
		};
		E49E472124035090004E818B = {
			isa = PBXGroup;
			children = (
				E49E472C24035090004E818B /* Hustings */,
				E49E474624035092004E818B /* HustingsTests */,
				E49E475124035092004E818B /* HustingsUITests */,
				E49E472B24035090004E818B /* Products */,
				B8CF681DC0E17923764AE7B6 /* Pods */,
				5CB84CECAF28A7ADA575BC90 /* Frameworks */,
			);
			sourceTree = "<group>";
		};
		E49E472B24035090004E818B /* Products */ = {
			isa = PBXGroup;
			children = (
				E49E472A24035090004E818B /* Hustings.app */,
				E49E474324035092004E818B /* HustingsTests.xctest */,
				E49E474E24035092004E818B /* HustingsUITests.xctest */,
			);
			name = Products;
			sourceTree = "<group>";
		};
		E49E472C24035090004E818B /* Hustings */ = {
			isa = PBXGroup;
			children = (
				E4B4C3412405CB3B002669FF /* Model */,
				C9465B612440D68300A99AC8 /* Authentication */,
				C9465B622440D6DD00A99AC8 /* LearnMode */,
				C9465B5C2440D5AC00A99AC8 /* Class */,
				E49E473424035090004E818B /* ContentView.swift */,
				E4F87FC82409371E003A423C /* PrimaryTabView.swift */,
				C9CCBB5A2431095800A835F3 /* LearnState.swift */,
				C9AF44132418224800251513 /* LoadTopics.swift */,
				E4D96244240987B6005C7F6A /* ProvisionalList.swift */,
				E4B4C339240597BE002669FF /* LogoTitleBar.swift */,
				E49F399A2408362500819C67 /* AccountView.swift */,
				E49E472D24035090004E818B /* AppDelegate.swift */,
				E49E472F24035090004E818B /* SceneDelegate.swift */,
				C97582D62417207C00A17B62 /* GoogleService-Info.plist */,
				E49E473624035092004E818B /* Assets.xcassets */,
				C931096A2405EFBF00EAE2E1 /* Hustings.entitlements */,
				E49E473B24035092004E818B /* LaunchScreen.storyboard */,
				E49E473E24035092004E818B /* Info.plist */,
				E49E473124035090004E818B /* Hustings.xcdatamodeld */,
				E49E473824035092004E818B /* Preview Content */,
				E4B4C33F2405CA2D002669FF /* SignInWithApple.swift */,
				E49F39962408361100819C67 /* DebateView.swift */,
				E443D7022415C70700FB3F5D /* old files */,
			);
			path = Hustings;
			sourceTree = "<group>";
		};
		E49E473824035092004E818B /* Preview Content */ = {
			isa = PBXGroup;
			children = (
				E49E473924035092004E818B /* Preview Assets.xcassets */,
			);
			path = "Preview Content";
			sourceTree = "<group>";
		};
		E49E474624035092004E818B /* HustingsTests */ = {
			isa = PBXGroup;
			children = (
				E49E474724035092004E818B /* HustingsTests.swift */,
				E49E474924035092004E818B /* Info.plist */,
			);
			path = HustingsTests;
			sourceTree = "<group>";
		};
		E49E475124035092004E818B /* HustingsUITests */ = {
			isa = PBXGroup;
			children = (
				E49E475224035092004E818B /* HustingsUITests.swift */,
				E49E475424035092004E818B /* Info.plist */,
			);
			path = HustingsUITests;
			sourceTree = "<group>";
		};
		E4B4C3412405CB3B002669FF /* Model */ = {
			isa = PBXGroup;
			children = (
				E4B4C3422405CB4B002669FF /* User.swift */,
				E42D2DD224116FA200DC6B92 /* Question.swift */,
				E4559F0D2409774B0009C66C /* Topic.swift */,
			);
			path = Model;
			sourceTree = "<group>";
		};
/* End PBXGroup section */

/* Begin PBXNativeTarget section */
		E49E472924035090004E818B /* Hustings */ = {
			isa = PBXNativeTarget;
			buildConfigurationList = E49E475724035092004E818B /* Build configuration list for PBXNativeTarget "Hustings" */;
			buildPhases = (
				105C28070CB7603EAC3E0864 /* [CP] Check Pods Manifest.lock */,
				E49E472624035090004E818B /* Sources */,
				E49E472724035090004E818B /* Frameworks */,
				E49E472824035090004E818B /* Resources */,
				BC8B3922669DB0E9A26C74B9 /* [CP] Embed Pods Frameworks */,
			);
			buildRules = (
			);
			dependencies = (
			);
			name = Hustings;
			productName = Hustings;
			productReference = E49E472A24035090004E818B /* Hustings.app */;
			productType = "com.apple.product-type.application";
		};
		E49E474224035092004E818B /* HustingsTests */ = {
			isa = PBXNativeTarget;
			buildConfigurationList = E49E475A24035092004E818B /* Build configuration list for PBXNativeTarget "HustingsTests" */;
			buildPhases = (
				5F844BC8C04A4BB3E9A4058A /* [CP] Check Pods Manifest.lock */,
				E49E473F24035092004E818B /* Sources */,
				E49E474024035092004E818B /* Frameworks */,
				E49E474124035092004E818B /* Resources */,
			);
			buildRules = (
			);
			dependencies = (
				E49E474524035092004E818B /* PBXTargetDependency */,
			);
			name = HustingsTests;
			productName = HustingsTests;
			productReference = E49E474324035092004E818B /* HustingsTests.xctest */;
			productType = "com.apple.product-type.bundle.unit-test";
		};
		E49E474D24035092004E818B /* HustingsUITests */ = {
			isa = PBXNativeTarget;
			buildConfigurationList = E49E475D24035092004E818B /* Build configuration list for PBXNativeTarget "HustingsUITests" */;
			buildPhases = (
				F96CD324978C0FA3C3EDD5F0 /* [CP] Check Pods Manifest.lock */,
				E49E474A24035092004E818B /* Sources */,
				E49E474B24035092004E818B /* Frameworks */,
				E49E474C24035092004E818B /* Resources */,
				1F9BB11F3E14F602A2770661 /* [CP] Embed Pods Frameworks */,
			);
			buildRules = (
			);
			dependencies = (
				E49E475024035092004E818B /* PBXTargetDependency */,
			);
			name = HustingsUITests;
			productName = HustingsUITests;
			productReference = E49E474E24035092004E818B /* HustingsUITests.xctest */;
			productType = "com.apple.product-type.bundle.ui-testing";
		};
/* End PBXNativeTarget section */

/* Begin PBXProject section */
		E49E472224035090004E818B /* Project object */ = {
			isa = PBXProject;
			attributes = {
				LastSwiftUpdateCheck = 1130;
				LastUpgradeCheck = 1130;
				ORGANIZATIONNAME = "Matthew Sykes";
				TargetAttributes = {
					E49E472924035090004E818B = {
						CreatedOnToolsVersion = 11.3.1;
					};
					E49E474224035092004E818B = {
						CreatedOnToolsVersion = 11.3.1;
						TestTargetID = E49E472924035090004E818B;
					};
					E49E474D24035092004E818B = {
						CreatedOnToolsVersion = 11.3.1;
						TestTargetID = E49E472924035090004E818B;
					};
				};
			};
			buildConfigurationList = E49E472524035090004E818B /* Build configuration list for PBXProject "Hustings" */;
			compatibilityVersion = "Xcode 9.3";
			developmentRegion = en;
			hasScannedForEncodings = 0;
			knownRegions = (
				en,
				Base,
			);
			mainGroup = E49E472124035090004E818B;
			productRefGroup = E49E472B24035090004E818B /* Products */;
			projectDirPath = "";
			projectRoot = "";
			targets = (
				E49E472924035090004E818B /* Hustings */,
				E49E474224035092004E818B /* HustingsTests */,
				E49E474D24035092004E818B /* HustingsUITests */,
			);
		};
/* End PBXProject section */

/* Begin PBXResourcesBuildPhase section */
		E49E472824035090004E818B /* Resources */ = {
			isa = PBXResourcesBuildPhase;
			buildActionMask = 2147483647;
			files = (
				E49E473D24035092004E818B /* LaunchScreen.storyboard in Resources */,
				C97582D72417207C00A17B62 /* GoogleService-Info.plist in Resources */,
				E49E473A24035092004E818B /* Preview Assets.xcassets in Resources */,
				E49E473724035092004E818B /* Assets.xcassets in Resources */,
			);
			runOnlyForDeploymentPostprocessing = 0;
		};
		E49E474124035092004E818B /* Resources */ = {
			isa = PBXResourcesBuildPhase;
			buildActionMask = 2147483647;
			files = (
			);
			runOnlyForDeploymentPostprocessing = 0;
		};
		E49E474C24035092004E818B /* Resources */ = {
			isa = PBXResourcesBuildPhase;
			buildActionMask = 2147483647;
			files = (
			);
			runOnlyForDeploymentPostprocessing = 0;
		};
/* End PBXResourcesBuildPhase section */

/* Begin PBXShellScriptBuildPhase section */
		105C28070CB7603EAC3E0864 /* [CP] Check Pods Manifest.lock */ = {
			isa = PBXShellScriptBuildPhase;
			buildActionMask = 2147483647;
			files = (
			);
			inputFileListPaths = (
			);
			inputPaths = (
				"${PODS_PODFILE_DIR_PATH}/Podfile.lock",
				"${PODS_ROOT}/Manifest.lock",
			);
			name = "[CP] Check Pods Manifest.lock";
			outputFileListPaths = (
			);
			outputPaths = (
				"$(DERIVED_FILE_DIR)/Pods-Hustings-checkManifestLockResult.txt",
			);
			runOnlyForDeploymentPostprocessing = 0;
			shellPath = /bin/sh;
			shellScript = "diff \"${PODS_PODFILE_DIR_PATH}/Podfile.lock\" \"${PODS_ROOT}/Manifest.lock\" > /dev/null\nif [ $? != 0 ] ; then\n    # print error to STDERR\n    echo \"error: The sandbox is not in sync with the Podfile.lock. Run 'pod install' or update your CocoaPods installation.\" >&2\n    exit 1\nfi\n# This output is used by Xcode 'outputs' to avoid re-running this script phase.\necho \"SUCCESS\" > \"${SCRIPT_OUTPUT_FILE_0}\"\n";
			showEnvVarsInLog = 0;
		};
		1F9BB11F3E14F602A2770661 /* [CP] Embed Pods Frameworks */ = {
			isa = PBXShellScriptBuildPhase;
			buildActionMask = 2147483647;
			files = (
			);
			inputFileListPaths = (
				"${PODS_ROOT}/Target Support Files/Pods-Hustings-HustingsUITests/Pods-Hustings-HustingsUITests-frameworks-${CONFIGURATION}-input-files.xcfilelist",
			);
			name = "[CP] Embed Pods Frameworks";
			outputFileListPaths = (
				"${PODS_ROOT}/Target Support Files/Pods-Hustings-HustingsUITests/Pods-Hustings-HustingsUITests-frameworks-${CONFIGURATION}-output-files.xcfilelist",
			);
			runOnlyForDeploymentPostprocessing = 0;
			shellPath = /bin/sh;
			shellScript = "\"${PODS_ROOT}/Target Support Files/Pods-Hustings-HustingsUITests/Pods-Hustings-HustingsUITests-frameworks.sh\"\n";
			showEnvVarsInLog = 0;
		};
		5F844BC8C04A4BB3E9A4058A /* [CP] Check Pods Manifest.lock */ = {
			isa = PBXShellScriptBuildPhase;
			buildActionMask = 2147483647;
			files = (
			);
			inputFileListPaths = (
			);
			inputPaths = (
				"${PODS_PODFILE_DIR_PATH}/Podfile.lock",
				"${PODS_ROOT}/Manifest.lock",
			);
			name = "[CP] Check Pods Manifest.lock";
			outputFileListPaths = (
			);
			outputPaths = (
				"$(DERIVED_FILE_DIR)/Pods-HustingsTests-checkManifestLockResult.txt",
			);
			runOnlyForDeploymentPostprocessing = 0;
			shellPath = /bin/sh;
			shellScript = "diff \"${PODS_PODFILE_DIR_PATH}/Podfile.lock\" \"${PODS_ROOT}/Manifest.lock\" > /dev/null\nif [ $? != 0 ] ; then\n    # print error to STDERR\n    echo \"error: The sandbox is not in sync with the Podfile.lock. Run 'pod install' or update your CocoaPods installation.\" >&2\n    exit 1\nfi\n# This output is used by Xcode 'outputs' to avoid re-running this script phase.\necho \"SUCCESS\" > \"${SCRIPT_OUTPUT_FILE_0}\"\n";
			showEnvVarsInLog = 0;
		};
		BC8B3922669DB0E9A26C74B9 /* [CP] Embed Pods Frameworks */ = {
			isa = PBXShellScriptBuildPhase;
			buildActionMask = 2147483647;
			files = (
			);
			inputFileListPaths = (
				"${PODS_ROOT}/Target Support Files/Pods-Hustings/Pods-Hustings-frameworks-${CONFIGURATION}-input-files.xcfilelist",
			);
			name = "[CP] Embed Pods Frameworks";
			outputFileListPaths = (
				"${PODS_ROOT}/Target Support Files/Pods-Hustings/Pods-Hustings-frameworks-${CONFIGURATION}-output-files.xcfilelist",
			);
			runOnlyForDeploymentPostprocessing = 0;
			shellPath = /bin/sh;
			shellScript = "\"${PODS_ROOT}/Target Support Files/Pods-Hustings/Pods-Hustings-frameworks.sh\"\n";
			showEnvVarsInLog = 0;
		};
		F96CD324978C0FA3C3EDD5F0 /* [CP] Check Pods Manifest.lock */ = {
			isa = PBXShellScriptBuildPhase;
			buildActionMask = 2147483647;
			files = (
			);
			inputFileListPaths = (
			);
			inputPaths = (
				"${PODS_PODFILE_DIR_PATH}/Podfile.lock",
				"${PODS_ROOT}/Manifest.lock",
			);
			name = "[CP] Check Pods Manifest.lock";
			outputFileListPaths = (
			);
			outputPaths = (
				"$(DERIVED_FILE_DIR)/Pods-Hustings-HustingsUITests-checkManifestLockResult.txt",
			);
			runOnlyForDeploymentPostprocessing = 0;
			shellPath = /bin/sh;
			shellScript = "diff \"${PODS_PODFILE_DIR_PATH}/Podfile.lock\" \"${PODS_ROOT}/Manifest.lock\" > /dev/null\nif [ $? != 0 ] ; then\n    # print error to STDERR\n    echo \"error: The sandbox is not in sync with the Podfile.lock. Run 'pod install' or update your CocoaPods installation.\" >&2\n    exit 1\nfi\n# This output is used by Xcode 'outputs' to avoid re-running this script phase.\necho \"SUCCESS\" > \"${SCRIPT_OUTPUT_FILE_0}\"\n";
			showEnvVarsInLog = 0;
		};
/* End PBXShellScriptBuildPhase section */

/* Begin PBXSourcesBuildPhase section */
		E49E472624035090004E818B /* Sources */ = {
			isa = PBXSourcesBuildPhase;
			buildActionMask = 2147483647;
			files = (
				E4B4C33A240597BE002669FF /* LogoTitleBar.swift in Sources */,
				C9669985243B8A36008C5383 /* NewUserInfo.swift in Sources */,
				E4B4C33C2405C8CE002669FF /* LogInScreen.swift in Sources */,
				E41F14702412F1B500B44DE8 /* InformationView.swift in Sources */,
				C9669989243BEDB6008C5383 /* NewClassView.swift in Sources */,
				E49E473324035090004E818B /* Hustings.xcdatamodeld in Sources */,
				C9CCBB5B2431095800A835F3 /* LearnState.swift in Sources */,
				C9465B602440D64100A99AC8 /* ClassView.swift in Sources */,
				C96B5CA424437FFB00D243A3 /* ClassProfileView.swift in Sources */,
				E42D2DD92411747000DC6B92 /* LoadQuestions.swift in Sources */,
				E46067DA2412777100A8B751 /* QuestionsView.swift in Sources */,
				E49F39972408361100819C67 /* DebateView.swift in Sources */,
				E4559F0C240976360009C66C /* TopicView.swift in Sources */,
				E42D2DD324116FA200DC6B92 /* Question.swift in Sources */,
				C979DBD8243AA679007E5692 /* ResetPasswordScreen.swift in Sources */,
				C9DACACF2445335C0079D807 /* RequestMadeView.swift in Sources */,
				E49F399B2408362500819C67 /* AccountView.swift in Sources */,
				C96B5CA82443D21700D243A3 /* ConvertUserList.swift in Sources */,
				C96B5CA62443B21300D243A3 /* RequestsView.swift in Sources */,
				E49E472E24035090004E818B /* AppDelegate.swift in Sources */,
				C966998D243BEDF8008C5383 /* EmptyClassView.swift in Sources */,
				E4010CBE2407EAF600A89E95 /* LearnMenuView.swift in Sources */,
				E4B4C3432405CB4B002669FF /* User.swift in Sources */,
				E49E473524035090004E818B /* ContentView.swift in Sources */,
				E42D2DD124114D1E00DC6B92 /* QuizView.swift in Sources */,
				C93109692405EE9A00EAE2E1 /* DashboardView.swift in Sources */,
				C9669987243BCF6F008C5383 /* LoadProfileView.swift in Sources */,
				E4D96245240987B6005C7F6A /* ProvisionalList.swift in Sources */,
				C93109642405EDB300EAE2E1 /* DashboardOptionsView.swift in Sources */,
				C92D8427243FEE0400159C7D /* MainTeacherClassView.swift in Sources */,
				E4F87FC92409371E003A423C /* PrimaryTabView.swift in Sources */,
				E49E473024035090004E818B /* SceneDelegate.swift in Sources */,
				C90857E124325F17002F3DAF /* StoreSession.swift in Sources */,
				C966998B243BEDDF008C5383 /* JoinClassView.swift in Sources */,
				C9AF44142418224800251513 /* LoadTopics.swift in Sources */,
				C9465B5B2440D58900A99AC8 /* UserListTeacherClassView.swift in Sources */,
				E4B4C3402405CA2D002669FF /* SignInWithApple.swift in Sources */,
				E4559F0E2409774B0009C66C /* Topic.swift in Sources */,
				C9DACAD1244541110079D807 /* MainStudentClassView.swift in Sources */,
			);
			runOnlyForDeploymentPostprocessing = 0;
		};
		E49E473F24035092004E818B /* Sources */ = {
			isa = PBXSourcesBuildPhase;
			buildActionMask = 2147483647;
			files = (
				E49E474824035092004E818B /* HustingsTests.swift in Sources */,
			);
			runOnlyForDeploymentPostprocessing = 0;
		};
		E49E474A24035092004E818B /* Sources */ = {
			isa = PBXSourcesBuildPhase;
			buildActionMask = 2147483647;
			files = (
				E49E475324035092004E818B /* HustingsUITests.swift in Sources */,
			);
			runOnlyForDeploymentPostprocessing = 0;
		};
/* End PBXSourcesBuildPhase section */

/* Begin PBXTargetDependency section */
		E49E474524035092004E818B /* PBXTargetDependency */ = {
			isa = PBXTargetDependency;
			target = E49E472924035090004E818B /* Hustings */;
			targetProxy = E49E474424035092004E818B /* PBXContainerItemProxy */;
		};
		E49E475024035092004E818B /* PBXTargetDependency */ = {
			isa = PBXTargetDependency;
			target = E49E472924035090004E818B /* Hustings */;
			targetProxy = E49E474F24035092004E818B /* PBXContainerItemProxy */;
		};
/* End PBXTargetDependency section */

/* Begin PBXVariantGroup section */
		E49E473B24035092004E818B /* LaunchScreen.storyboard */ = {
			isa = PBXVariantGroup;
			children = (
				E49E473C24035092004E818B /* Base */,
			);
			name = LaunchScreen.storyboard;
			sourceTree = "<group>";
		};
/* End PBXVariantGroup section */

/* Begin XCBuildConfiguration section */
		E49E475524035092004E818B /* Debug */ = {
			isa = XCBuildConfiguration;
			buildSettings = {
				ALWAYS_SEARCH_USER_PATHS = NO;
				CLANG_ANALYZER_NONNULL = YES;
				CLANG_ANALYZER_NUMBER_OBJECT_CONVERSION = YES_AGGRESSIVE;
				CLANG_CXX_LANGUAGE_STANDARD = "gnu++14";
				CLANG_CXX_LIBRARY = "libc++";
				CLANG_ENABLE_MODULES = YES;
				CLANG_ENABLE_OBJC_ARC = YES;
				CLANG_ENABLE_OBJC_WEAK = YES;
				CLANG_WARN_BLOCK_CAPTURE_AUTORELEASING = YES;
				CLANG_WARN_BOOL_CONVERSION = YES;
				CLANG_WARN_COMMA = YES;
				CLANG_WARN_CONSTANT_CONVERSION = YES;
				CLANG_WARN_DEPRECATED_OBJC_IMPLEMENTATIONS = YES;
				CLANG_WARN_DIRECT_OBJC_ISA_USAGE = YES_ERROR;
				CLANG_WARN_DOCUMENTATION_COMMENTS = YES;
				CLANG_WARN_EMPTY_BODY = YES;
				CLANG_WARN_ENUM_CONVERSION = YES;
				CLANG_WARN_INFINITE_RECURSION = YES;
				CLANG_WARN_INT_CONVERSION = YES;
				CLANG_WARN_NON_LITERAL_NULL_CONVERSION = YES;
				CLANG_WARN_OBJC_IMPLICIT_RETAIN_SELF = YES;
				CLANG_WARN_OBJC_LITERAL_CONVERSION = YES;
				CLANG_WARN_OBJC_ROOT_CLASS = YES_ERROR;
				CLANG_WARN_RANGE_LOOP_ANALYSIS = YES;
				CLANG_WARN_STRICT_PROTOTYPES = YES;
				CLANG_WARN_SUSPICIOUS_MOVE = YES;
				CLANG_WARN_UNGUARDED_AVAILABILITY = YES_AGGRESSIVE;
				CLANG_WARN_UNREACHABLE_CODE = YES;
				CLANG_WARN__DUPLICATE_METHOD_MATCH = YES;
				COPY_PHASE_STRIP = NO;
				DEBUG_INFORMATION_FORMAT = dwarf;
				ENABLE_STRICT_OBJC_MSGSEND = YES;
				ENABLE_TESTABILITY = YES;
				GCC_C_LANGUAGE_STANDARD = gnu11;
				GCC_DYNAMIC_NO_PIC = NO;
				GCC_NO_COMMON_BLOCKS = YES;
				GCC_OPTIMIZATION_LEVEL = 0;
				GCC_PREPROCESSOR_DEFINITIONS = (
					"DEBUG=1",
					"$(inherited)",
				);
				GCC_WARN_64_TO_32_BIT_CONVERSION = YES;
				GCC_WARN_ABOUT_RETURN_TYPE = YES_ERROR;
				GCC_WARN_UNDECLARED_SELECTOR = YES;
				GCC_WARN_UNINITIALIZED_AUTOS = YES_AGGRESSIVE;
				GCC_WARN_UNUSED_FUNCTION = YES;
				GCC_WARN_UNUSED_VARIABLE = YES;
				IPHONEOS_DEPLOYMENT_TARGET = 13.2;
				MTL_ENABLE_DEBUG_INFO = INCLUDE_SOURCE;
				MTL_FAST_MATH = YES;
				ONLY_ACTIVE_ARCH = YES;
				SDKROOT = iphoneos;
				SWIFT_ACTIVE_COMPILATION_CONDITIONS = DEBUG;
				SWIFT_OPTIMIZATION_LEVEL = "-Onone";
			};
			name = Debug;
		};
		E49E475624035092004E818B /* Release */ = {
			isa = XCBuildConfiguration;
			buildSettings = {
				ALWAYS_SEARCH_USER_PATHS = NO;
				CLANG_ANALYZER_NONNULL = YES;
				CLANG_ANALYZER_NUMBER_OBJECT_CONVERSION = YES_AGGRESSIVE;
				CLANG_CXX_LANGUAGE_STANDARD = "gnu++14";
				CLANG_CXX_LIBRARY = "libc++";
				CLANG_ENABLE_MODULES = YES;
				CLANG_ENABLE_OBJC_ARC = YES;
				CLANG_ENABLE_OBJC_WEAK = YES;
				CLANG_WARN_BLOCK_CAPTURE_AUTORELEASING = YES;
				CLANG_WARN_BOOL_CONVERSION = YES;
				CLANG_WARN_COMMA = YES;
				CLANG_WARN_CONSTANT_CONVERSION = YES;
				CLANG_WARN_DEPRECATED_OBJC_IMPLEMENTATIONS = YES;
				CLANG_WARN_DIRECT_OBJC_ISA_USAGE = YES_ERROR;
				CLANG_WARN_DOCUMENTATION_COMMENTS = YES;
				CLANG_WARN_EMPTY_BODY = YES;
				CLANG_WARN_ENUM_CONVERSION = YES;
				CLANG_WARN_INFINITE_RECURSION = YES;
				CLANG_WARN_INT_CONVERSION = YES;
				CLANG_WARN_NON_LITERAL_NULL_CONVERSION = YES;
				CLANG_WARN_OBJC_IMPLICIT_RETAIN_SELF = YES;
				CLANG_WARN_OBJC_LITERAL_CONVERSION = YES;
				CLANG_WARN_OBJC_ROOT_CLASS = YES_ERROR;
				CLANG_WARN_RANGE_LOOP_ANALYSIS = YES;
				CLANG_WARN_STRICT_PROTOTYPES = YES;
				CLANG_WARN_SUSPICIOUS_MOVE = YES;
				CLANG_WARN_UNGUARDED_AVAILABILITY = YES_AGGRESSIVE;
				CLANG_WARN_UNREACHABLE_CODE = YES;
				CLANG_WARN__DUPLICATE_METHOD_MATCH = YES;
				COPY_PHASE_STRIP = NO;
				DEBUG_INFORMATION_FORMAT = "dwarf-with-dsym";
				ENABLE_NS_ASSERTIONS = NO;
				ENABLE_STRICT_OBJC_MSGSEND = YES;
				GCC_C_LANGUAGE_STANDARD = gnu11;
				GCC_NO_COMMON_BLOCKS = YES;
				GCC_WARN_64_TO_32_BIT_CONVERSION = YES;
				GCC_WARN_ABOUT_RETURN_TYPE = YES_ERROR;
				GCC_WARN_UNDECLARED_SELECTOR = YES;
				GCC_WARN_UNINITIALIZED_AUTOS = YES_AGGRESSIVE;
				GCC_WARN_UNUSED_FUNCTION = YES;
				GCC_WARN_UNUSED_VARIABLE = YES;
				IPHONEOS_DEPLOYMENT_TARGET = 13.2;
				MTL_ENABLE_DEBUG_INFO = NO;
				MTL_FAST_MATH = YES;
				SDKROOT = iphoneos;
				SWIFT_COMPILATION_MODE = wholemodule;
				SWIFT_OPTIMIZATION_LEVEL = "-O";
				VALIDATE_PRODUCT = YES;
			};
			name = Release;
		};
		E49E475824035092004E818B /* Debug */ = {
			isa = XCBuildConfiguration;
			baseConfigurationReference = 468182B459D08507BD002E54 /* Pods-Hustings.debug.xcconfig */;
			buildSettings = {
				ASSETCATALOG_COMPILER_APPICON_NAME = AppIcon;
				CODE_SIGN_ENTITLEMENTS = Hustings/Hustings.entitlements;
				"CODE_SIGN_IDENTITY[sdk=macosx*]" = "-";
				CODE_SIGN_STYLE = Automatic;
				DERIVE_MACCATALYST_PRODUCT_BUNDLE_IDENTIFIER = YES;
				DEVELOPMENT_ASSET_PATHS = "\"Hustings/Preview Content\"";
				DEVELOPMENT_TEAM = H9UN38593F;
				ENABLE_PREVIEWS = YES;
				INFOPLIST_FILE = Hustings/Info.plist;
				IPHONEOS_DEPLOYMENT_TARGET = 13.1;
				LD_RUNPATH_SEARCH_PATHS = (
					"$(inherited)",
					"@executable_path/Frameworks",
				);
				PRODUCT_BUNDLE_IDENTIFIER = com.matthewsykes.Hustings;
				PRODUCT_NAME = "$(TARGET_NAME)";
				SUPPORTS_MACCATALYST = YES;
				SWIFT_VERSION = 5.0;
				TARGETED_DEVICE_FAMILY = "1,2";
			};
			name = Debug;
		};
		E49E475924035092004E818B /* Release */ = {
			isa = XCBuildConfiguration;
			baseConfigurationReference = FC7F4CA1E8D1BA0B74BB7B8C /* Pods-Hustings.release.xcconfig */;
			buildSettings = {
				ASSETCATALOG_COMPILER_APPICON_NAME = AppIcon;
				CODE_SIGN_ENTITLEMENTS = Hustings/Hustings.entitlements;
				"CODE_SIGN_IDENTITY[sdk=macosx*]" = "-";
				CODE_SIGN_STYLE = Automatic;
				DERIVE_MACCATALYST_PRODUCT_BUNDLE_IDENTIFIER = YES;
				DEVELOPMENT_ASSET_PATHS = "\"Hustings/Preview Content\"";
				DEVELOPMENT_TEAM = H9UN38593F;
				ENABLE_PREVIEWS = YES;
				INFOPLIST_FILE = Hustings/Info.plist;
				IPHONEOS_DEPLOYMENT_TARGET = 13.1;
				LD_RUNPATH_SEARCH_PATHS = (
					"$(inherited)",
					"@executable_path/Frameworks",
				);
				PRODUCT_BUNDLE_IDENTIFIER = com.matthewsykes.Hustings;
				PRODUCT_NAME = "$(TARGET_NAME)";
				SUPPORTS_MACCATALYST = YES;
				SWIFT_VERSION = 5.0;
				TARGETED_DEVICE_FAMILY = "1,2";
			};
			name = Release;
		};
		E49E475B24035092004E818B /* Debug */ = {
			isa = XCBuildConfiguration;
			baseConfigurationReference = 6C9E2E4FF8256ABD61F00AF9 /* Pods-HustingsTests.debug.xcconfig */;
			buildSettings = {
				ALWAYS_EMBED_SWIFT_STANDARD_LIBRARIES = YES;
				BUNDLE_LOADER = "$(TEST_HOST)";
				CODE_SIGN_STYLE = Automatic;
				DEVELOPMENT_TEAM = USPJJFZXZV;
				INFOPLIST_FILE = HustingsTests/Info.plist;
				IPHONEOS_DEPLOYMENT_TARGET = 13.1;
				LD_RUNPATH_SEARCH_PATHS = (
					"$(inherited)",
					"@executable_path/Frameworks",
					"@loader_path/Frameworks",
				);
				PRODUCT_BUNDLE_IDENTIFIER = matthewsykes.HustingsTests;
				PRODUCT_NAME = "$(TARGET_NAME)";
				SWIFT_VERSION = 5.0;
				TARGETED_DEVICE_FAMILY = "1,2";
				TEST_HOST = "$(BUILT_PRODUCTS_DIR)/Hustings.app/Hustings";
			};
			name = Debug;
		};
		E49E475C24035092004E818B /* Release */ = {
			isa = XCBuildConfiguration;
			baseConfigurationReference = 263B248B51DDBE3CE3D89253 /* Pods-HustingsTests.release.xcconfig */;
			buildSettings = {
				ALWAYS_EMBED_SWIFT_STANDARD_LIBRARIES = YES;
				BUNDLE_LOADER = "$(TEST_HOST)";
				CODE_SIGN_STYLE = Automatic;
				DEVELOPMENT_TEAM = USPJJFZXZV;
				INFOPLIST_FILE = HustingsTests/Info.plist;
				IPHONEOS_DEPLOYMENT_TARGET = 13.1;
				LD_RUNPATH_SEARCH_PATHS = (
					"$(inherited)",
					"@executable_path/Frameworks",
					"@loader_path/Frameworks",
				);
				PRODUCT_BUNDLE_IDENTIFIER = matthewsykes.HustingsTests;
				PRODUCT_NAME = "$(TARGET_NAME)";
				SWIFT_VERSION = 5.0;
				TARGETED_DEVICE_FAMILY = "1,2";
				TEST_HOST = "$(BUILT_PRODUCTS_DIR)/Hustings.app/Hustings";
			};
			name = Release;
		};
		E49E475E24035092004E818B /* Debug */ = {
			isa = XCBuildConfiguration;
			baseConfigurationReference = 71F0117EF32057393DCAEBCA /* Pods-Hustings-HustingsUITests.debug.xcconfig */;
			buildSettings = {
				ALWAYS_EMBED_SWIFT_STANDARD_LIBRARIES = YES;
				CODE_SIGN_STYLE = Automatic;
				DEVELOPMENT_TEAM = USPJJFZXZV;
				INFOPLIST_FILE = HustingsUITests/Info.plist;
				IPHONEOS_DEPLOYMENT_TARGET = 13.1;
				LD_RUNPATH_SEARCH_PATHS = (
					"$(inherited)",
					"@executable_path/Frameworks",
					"@loader_path/Frameworks",
				);
				PRODUCT_BUNDLE_IDENTIFIER = matthewsykes.HustingsUITests;
				PRODUCT_NAME = "$(TARGET_NAME)";
				SWIFT_VERSION = 5.0;
				TARGETED_DEVICE_FAMILY = "1,2";
				TEST_TARGET_NAME = Hustings;
			};
			name = Debug;
		};
		E49E475F24035092004E818B /* Release */ = {
			isa = XCBuildConfiguration;
			baseConfigurationReference = 4BB0E8C4B0E89A85CC75B8BC /* Pods-Hustings-HustingsUITests.release.xcconfig */;
			buildSettings = {
				ALWAYS_EMBED_SWIFT_STANDARD_LIBRARIES = YES;
				CODE_SIGN_STYLE = Automatic;
				DEVELOPMENT_TEAM = USPJJFZXZV;
				INFOPLIST_FILE = HustingsUITests/Info.plist;
				IPHONEOS_DEPLOYMENT_TARGET = 13.1;
				LD_RUNPATH_SEARCH_PATHS = (
					"$(inherited)",
					"@executable_path/Frameworks",
					"@loader_path/Frameworks",
				);
				PRODUCT_BUNDLE_IDENTIFIER = matthewsykes.HustingsUITests;
				PRODUCT_NAME = "$(TARGET_NAME)";
				SWIFT_VERSION = 5.0;
				TARGETED_DEVICE_FAMILY = "1,2";
				TEST_TARGET_NAME = Hustings;
			};
			name = Release;
		};
/* End XCBuildConfiguration section */

/* Begin XCConfigurationList section */
		E49E472524035090004E818B /* Build configuration list for PBXProject "Hustings" */ = {
			isa = XCConfigurationList;
			buildConfigurations = (
				E49E475524035092004E818B /* Debug */,
				E49E475624035092004E818B /* Release */,
			);
			defaultConfigurationIsVisible = 0;
			defaultConfigurationName = Release;
		};
		E49E475724035092004E818B /* Build configuration list for PBXNativeTarget "Hustings" */ = {
			isa = XCConfigurationList;
			buildConfigurations = (
				E49E475824035092004E818B /* Debug */,
				E49E475924035092004E818B /* Release */,
			);
			defaultConfigurationIsVisible = 0;
			defaultConfigurationName = Release;
		};
		E49E475A24035092004E818B /* Build configuration list for PBXNativeTarget "HustingsTests" */ = {
			isa = XCConfigurationList;
			buildConfigurations = (
				E49E475B24035092004E818B /* Debug */,
				E49E475C24035092004E818B /* Release */,
			);
			defaultConfigurationIsVisible = 0;
			defaultConfigurationName = Release;
		};
		E49E475D24035092004E818B /* Build configuration list for PBXNativeTarget "HustingsUITests" */ = {
			isa = XCConfigurationList;
			buildConfigurations = (
				E49E475E24035092004E818B /* Debug */,
				E49E475F24035092004E818B /* Release */,
			);
			defaultConfigurationIsVisible = 0;
			defaultConfigurationName = Release;
		};
/* End XCConfigurationList section */

/* Begin XCVersionGroup section */
		E49E473124035090004E818B /* Hustings.xcdatamodeld */ = {
			isa = XCVersionGroup;
			children = (
				E49E473224035090004E818B /* Hustings.xcdatamodel */,
			);
			currentVersion = E49E473224035090004E818B /* Hustings.xcdatamodel */;
			path = Hustings.xcdatamodeld;
			sourceTree = "<group>";
			versionGroupType = wrapper.xcdatamodel;
		};
/* End XCVersionGroup section */
	};
	rootObject = E49E472224035090004E818B /* Project object */;
}
